
Microsoft Visual Studio Solution File, Format Version 12.00
# Visual Studio Version 17
VisualStudioVersion = 17.5.33627.172
MinimumVisualStudioVersion = 10.0.40219.1
Project("{9A19103F-16F7-4668-BE54-9A1E7A4F7556}") = "PyStubbler", "PyStubbler\PyStubbler.csproj", "{923DE021-7B17-4397-95A2-3F064211F13F}"
EndProject
Project("{2150E333-8FDC-42A3-9474-1A3956D46DE8}") = "Tests", "Tests", "{1441E43E-7CBD-4DC8-9BB4-D4D08742D2F5}"
EndProject
Project("{FAE04EC0-301F-11D3-BF4B-00C04F79EFBC}") = "ExampleCSharpLibrary", "ExampleCSharpLibrary\ExampleCSharpLibrary.csproj", "{5F531B85-5B15-401E-974E-A2AB50987B15}"
EndProject
Global
	GlobalSection(SolutionConfigurationPlatforms) = preSolution
		Debug|Any CPU = Debug|Any CPU
		Release|Any CPU = Release|Any CPU
	EndGlobalSection
	GlobalSection(ProjectConfigurationPlatforms) = postSolution
		{923DE021-7B17-4397-95A2-3F064211F13F}.Debug|Any CPU.ActiveCfg = Debug|Any CPU
		{923DE021-7B17-4397-95A2-3F064211F13F}.Debug|Any CPU.Build.0 = Debug|Any CPU
		{923DE021-7B17-4397-95A2-3F064211F13F}.Release|Any CPU.ActiveCfg = Release|Any CPU
		{923DE021-7B17-4397-95A2-3F064211F13F}.Release|Any CPU.Build.0 = Release|Any CPU
		{5F531B85-5B15-401E-974E-A2AB50987B15}.Debug|Any CPU.ActiveCfg = Debug|Any CPU
		{5F531B85-5B15-401E-974E-A2AB50987B15}.Debug|Any CPU.Build.0 = Debug|Any CPU
		{5F531B85-5B15-401E-974E-A2AB50987B15}.Release|Any CPU.ActiveCfg = Release|Any CPU
		{5F531B85-5B15-401E-974E-A2AB50987B15}.Release|Any CPU.Build.0 = Release|Any CPU
	EndGlobalSection
	GlobalSection(SolutionProperties) = preSolution
		HideSolutionNode = FALSE
	EndGlobalSection
	GlobalSection(NestedProjects) = preSolution
		{5F531B85-5B15-401E-974E-A2AB50987B15} = {1441E43E-7CBD-4DC8-9BB4-D4D08742D2F5}
	EndGlobalSection
	GlobalSection(ExtensibilityGlobals) = postSolution
		SolutionGuid = {38D676D5-879F-41B2-B69D-1B3006E3E357}
	EndGlobalSection
EndGlobal
